
Microsoft Visual Studio Solution File, Format Version 12.00
# Visual Studio Version 16
VisualStudioVersion = 16.0.29509.3
MinimumVisualStudioVersion = 10.0.40219.1
Project("{FAE04EC0-301F-11D3-BF4B-00C04F79EFBC}") = "DanceClass", "DanceClass\DanceClass.csproj", "{5D3E57B2-FC8E-42F4-A652-B7A8D44AA557}"
EndProject
Project("{FAE04EC0-301F-11D3-BF4B-00C04F79EFBC}") = "DataAccess", "DataAccess\DataAccess.csproj", "{F90829FE-B2F3-472B-A7CC-1E36B6CD7EB0}"
EndProject
Project("{FAE04EC0-301F-11D3-BF4B-00C04F79EFBC}") = "Services", "Services\Services.csproj", "{DE35986D-64A6-4D78-8ADA-CA3F29D5FA6B}"
EndProject
Project("{FAE04EC0-301F-11D3-BF4B-00C04F79EFBC}") = "DataImport", "DataImport\DataImport.csproj", "{23E97610-FD27-4244-B610-CB49D29BFC9A}"
EndProject
Global
	GlobalSection(SolutionConfigurationPlatforms) = preSolution
		Debug|Any CPU = Debug|Any CPU
		Release|Any CPU = Release|Any CPU
	EndGlobalSection
	GlobalSection(ProjectConfigurationPlatforms) = postSolution
		{5D3E57B2-FC8E-42F4-A652-B7A8D44AA557}.Debug|Any CPU.ActiveCfg = Debug|Any CPU
		{5D3E57B2-FC8E-42F4-A652-B7A8D44AA557}.Debug|Any CPU.Build.0 = Debug|Any CPU
		{5D3E57B2-FC8E-42F4-A652-B7A8D44AA557}.Release|Any CPU.ActiveCfg = Release|Any CPU
		{5D3E57B2-FC8E-42F4-A652-B7A8D44AA557}.Release|Any CPU.Build.0 = Release|Any CPU
		{F90829FE-B2F3-472B-A7CC-1E36B6CD7EB0}.Debug|Any CPU.ActiveCfg = Debug|Any CPU
		{F90829FE-B2F3-472B-A7CC-1E36B6CD7EB0}.Debug|Any CPU.Build.0 = Debug|Any CPU
		{F90829FE-B2F3-472B-A7CC-1E36B6CD7EB0}.Release|Any CPU.ActiveCfg = Release|Any CPU
		{F90829FE-B2F3-472B-A7CC-1E36B6CD7EB0}.Release|Any CPU.Build.0 = Release|Any CPU
		{DE35986D-64A6-4D78-8ADA-CA3F29D5FA6B}.Debug|Any CPU.ActiveCfg = Debug|Any CPU
		{DE35986D-64A6-4D78-8ADA-CA3F29D5FA6B}.Debug|Any CPU.Build.0 = Debug|Any CPU
		{DE35986D-64A6-4D78-8ADA-CA3F29D5FA6B}.Release|Any CPU.ActiveCfg = Release|Any CPU
		{DE35986D-64A6-4D78-8ADA-CA3F29D5FA6B}.Release|Any CPU.Build.0 = Release|Any CPU
		{23E97610-FD27-4244-B610-CB49D29BFC9A}.Debug|Any CPU.ActiveCfg = Debug|Any CPU
		{23E97610-FD27-4244-B610-CB49D29BFC9A}.Debug|Any CPU.Build.0 = Debug|Any CPU
		{23E97610-FD27-4244-B610-CB49D29BFC9A}.Release|Any CPU.ActiveCfg = Release|Any CPU
		{23E97610-FD27-4244-B610-CB49D29BFC9A}.Release|Any CPU.Build.0 = Release|Any CPU
	EndGlobalSection
	GlobalSection(SolutionProperties) = preSolution
		HideSolutionNode = FALSE
	EndGlobalSection
	GlobalSection(ExtensibilityGlobals) = postSolution
		SolutionGuid = {5B7133C0-EB9B-4F30-AFB8-53070A008F4D}
	EndGlobalSection
EndGlobal
